version = 1
revision = 2
requires-python = ">=3.12"

[[package]]
name = "beachfx-cshore"
version = "0.1.0"
source = { virtual = "." }
dependencies = [
    { name = "h5py" },
    { name = "numpy" },
]

[package.metadata]
requires-dist = [
    { name = "h5py" },
    { name = "numpy" },
]

[[package]]
name = "h5py"
version = "3.16.0"
source = { registry = "https://pypi.org/simple" }
dependencies = [
    { name = "numpy" },
]
sdist = { url = "https://files.pythonhosted.org/packages/db/33/acd0ce6863b6c0d7735007df01815403f5589a21ff8c2e1ee2587a38f548/h5py-3.16.0.tar.gz", hash = "sha256:a0dbaad796840ccaa67a4c144a0d0c8080073c34c76d5a6941d6818678ef2738", size = 446526, upload-time = "2026-03-06T13:49:08.07Z" }
wheels = [
    { url = "https://files.pythonhosted.org/packages/c8/c0/5d4119dba94093bbafede500d3defd2f5eab7897732998c04b54021e530b/h5py-3.16.0-cp312-cp312-macosx_10_13_x86_64.whl", hash = "sha256:c5313566f4643121a78503a473f0fb1e6dcc541d5115c44f05e037609c565c4d", size = 3685604, upload-time = "2026-03-06T13:48:04.198Z" },
    { url = "https://files.pythonhosted.org/packages/b0/42/c84efcc1d4caebafb1ecd8be4643f39c85c47a80fe254d92b8b43b1eadaf/h5py-3.16.0-cp312-cp312-macosx_11_0_arm64.whl", hash = "sha256:42b012933a83e1a558c673176676a10ce2fd3759976a0fedee1e672d1e04fc9d", size = 3061940, upload-time = "2026-03-06T13:48:05.783Z" },
    { url = "https://files.pythonhosted.org/packages/89/84/06281c82d4d1686fde1ac6b0f307c50918f1c0151062445ab3b6fa5a921d/h5py-3.16.0-cp312-cp312-manylinux_2_28_aarch64.whl", hash = "sha256:ff24039e2573297787c3063df64b60aab0591980ac898329a08b0320e0cf2527", size = 5198852, upload-time = "2026-03-06T13:48:07.482Z" },
    { url = "https://files.pythonhosted.org/packages/9e/e9/1a19e42cd43cc1365e127db6aae85e1c671da1d9a5d746f4d34a50edb577/h5py-3.16.0-cp312-cp312-manylinux_2_28_x86_64.whl", hash = "sha256:dfc21898ff025f1e8e67e194965a95a8d4754f452f83454538f98f8a3fcb207e", size = 5405250, upload-time = "2026-03-06T13:48:09.628Z" },
    { url = "https://files.pythonhosted.org/packages/b7/8e/9790c1655eabeb85b92b1ecab7d7e62a2069e53baefd58c98f0909c7a948/h5py-3.16.0-cp312-cp312-musllinux_1_2_aarch64.whl", hash = "sha256:698dd69291272642ffda44a0ecd6cd3bda5faf9621452d255f57ce91487b9794", size = 5190108, upload-time = "2026-03-06T13:48:11.26Z" },
    { url = "https://files.pythonhosted.org/packages/51/d7/ab693274f1bd7e8c5f9fdd6c7003a88d59bedeaf8752716a55f532924fbb/h5py-3.16.0-cp312-cp312-musllinux_1_2_x86_64.whl", hash = "sha256:2b2c02b0a160faed5fb33f1ba8a264a37ee240b22e049ecc827345d0d9043074", size = 5419216, upload-time = "2026-03-06T13:48:13.322Z" },
    { url = "https://files.pythonhosted.org/packages/03/c1/0976b235cf29ead553e22f2fb6385a8252b533715e00d0ae52ed7b900582/h5py-3.16.0-cp312-cp312-win_amd64.whl", hash = "sha256:96b422019a1c8975c2d5dadcf61d4ba6f01c31f92bbde6e4649607885fe502d6", size = 3182868, upload-time = "2026-03-06T13:48:15.759Z" },
    { url = "https://files.pythonhosted.org/packages/14/d9/866b7e570b39070f92d47b0ff1800f0f8239b6f9e45f02363d7112336c1f/h5py-3.16.0-cp312-cp312-win_arm64.whl", hash = "sha256:39c2838fb1e8d97bcf1755e60ad1f3dd76a7b2a475928dc321672752678b96db", size = 2653286, upload-time = "2026-03-06T13:48:17.279Z" },
    { url = "https://files.pythonhosted.org/packages/0f/9e/6142ebfda0cb6e9349c091eae73c2e01a770b7659255248d637bec54a88b/h5py-3.16.0-cp313-cp313-macosx_10_13_x86_64.whl", hash = "sha256:370a845f432c2c9619db8eed334d1e610c6015796122b0e57aa46312c22617d9", size = 3671808, upload-time = "2026-03-06T13:48:19.737Z" },
    { url = "https://files.pythonhosted.org/packages/b0/65/5e088a45d0f43cd814bc5bec521c051d42005a472e804b1a36c48dada09b/h5py-3.16.0-cp313-cp313-macosx_11_0_arm64.whl", hash = "sha256:42108e93326c50c2810025aade9eac9d6827524cdccc7d4b75a546e5ab308edb", size = 3045837, upload-time = "2026-03-06T13:48:21.854Z" },
    { url = "https://files.pythonhosted.org/packages/da/1e/6172269e18cc5a484e2913ced33339aad588e02ba407fafd00d369e22ef3/h5py-3.16.0-cp313-cp313-manylinux_2_28_aarch64.whl", hash = "sha256:099f2525c9dcf28de366970a5fb34879aab20491589fa89ce2863a84218bb524", size = 5193860, upload-time = "2026-03-06T13:48:24.071Z" },
    { url = "https://files.pythonhosted.org/packages/bd/98/ef2b6fe2903e377cbe870c3b2800d62552f1e3dbe81ce49e1923c53d1c5c/h5py-3.16.0-cp313-cp313-manylinux_2_28_x86_64.whl", hash = "sha256:9300ad32dea9dfc5171f94d5f6948e159ed93e4701280b0f508773b3f582f402", size = 5400417, upload-time = "2026-03-06T13:48:25.728Z" },
    { url = "https://files.pythonhosted.org/packages/bc/81/5b62d760039eed64348c98129d17061fdfc7839fc9c04eaaad6dee1004e4/h5py-3.16.0-cp313-cp313-musllinux_1_2_aarch64.whl", hash = "sha256:171038f23bccddfc23f344cadabdfc9917ff554db6a0d417180d2747fe4c75a7", size = 5185214, upload-time = "2026-03-06T13:48:27.436Z" },
    { url = "https://files.pythonhosted.org/packages/28/c4/532123bcd9080e250696779c927f2cb906c8bf3447df98f5ceb8dcded539/h5py-3.16.0-cp313-cp313-musllinux_1_2_x86_64.whl", hash = "sha256:7e420b539fb6023a259a1b14d4c9f6df8cf50d7268f48e161169987a57b737ff", size = 5414598, upload-time = "2026-03-06T13:48:29.49Z" },
    { url = "https://files.pythonhosted.org/packages/c3/d9/a27997f84341fc0dfcdd1fe4179b6ba6c32a7aa880fdb8c514d4dad6fba3/h5py-3.16.0-cp313-cp313-win_amd64.whl", hash = "sha256:18f2bbcd545e6991412253b98727374c356d67caa920e68dc79eab36bf5fedad", size = 3175509, upload-time = "2026-03-06T13:48:31.131Z" },
    { url = "https://files.pythonhosted.org/packages/a5/23/bb8647521d4fd770c30a76cfc6cb6a2f5495868904054e92f2394c5a78ff/h5py-3.16.0-cp313-cp313-win_arm64.whl", hash = "sha256:656f00e4d903199a1d58df06b711cf3ca632b874b4207b7dbec86185b5c8c7d4", size = 2647362, upload-time = "2026-03-06T13:48:33.411Z" },
    { url = "https://files.pythonhosted.org/packages/48/3c/7fcd9b4c9eed82e91fb15568992561019ae7a829d1f696b2c844355d95dd/h5py-3.16.0-cp314-cp314-macosx_10_15_x86_64.whl", hash = "sha256:9c9d307c0ef862d1cd5714f72ecfafe0a5d7529c44845afa8de9f46e5ba8bd65", size = 3678608, upload-time = "2026-03-06T13:48:35.183Z" },
    { url = "https://files.pythonhosted.org/packages/6a/b7/9366ed44ced9b7ef357ab48c94205280276db9d7f064aa3012a97227e966/h5py-3.16.0-cp314-cp314-macosx_11_0_arm64.whl", hash = "sha256:8c1eff849cdd53cbc73c214c30ebdb6f1bb8b64790b4b4fc36acdb5e43570210", size = 3054773, upload-time = "2026-03-06T13:48:37.139Z" },
    { url = "https://files.pythonhosted.org/packages/58/a5/4964bc0e91e86340c2bbda83420225b2f770dcf1eb8a39464871ad769436/h5py-3.16.0-cp314-cp314-manylinux_2_28_aarch64.whl", hash = "sha256:e2c04d129f180019e216ee5f9c40b78a418634091c8782e1f723a6ca3658b965", size = 5198886, upload-time = "2026-03-06T13:48:38.879Z" },
    { url = "https://files.pythonhosted.org/packages/f1/16/d905e7f53e661ce2c24686c38048d8e2b750ffc4350009d41c4e6c6c9826/h5py-3.16.0-cp314-cp314-manylinux_2_28_x86_64.whl", hash = "sha256:e4360f15875a532bc7b98196c7592ed4fc92672a57c0a621355961cafb17a6dd", size = 5404883, upload-time = "2026-03-06T13:48:41.324Z" },
    { url = "https://files.pythonhosted.org/packages/4b/f2/58f34cb74af46d39f4cd18ea20909a8514960c5a3e5b92fd06a28161e0a8/h5py-3.16.0-cp314-cp314-musllinux_1_2_aarch64.whl", hash = "sha256:3fae9197390c325e62e0a1aa977f2f62d994aa87aab182abbea85479b791197c", size = 5192039, upload-time = "2026-03-06T13:48:43.117Z" },
    { url = "https://files.pythonhosted.org/packages/ce/ca/934a39c24ce2e2db017268c08da0537c20fa0be7e1549be3e977313fc8f5/h5py-3.16.0-cp314-cp314-musllinux_1_2_x86_64.whl", hash = "sha256:43259303989ac8adacc9986695b31e35dba6fd1e297ff9c6a04b7da5542139cc", size = 5421526, upload-time = "2026-03-06T13:48:44.838Z" },
    { url = "https://files.pythonhosted.org/packages/3e/14/615a450205e1b56d16c6783f5ccd116cde05550faad70ae077c955654a75/h5py-3.16.0-cp314-cp314-win_amd64.whl", hash = "sha256:fa48993a0b799737ba7fd21e2350fa0a60701e58180fae9f2de834bc39a147ab", size = 3183263, upload-time = "2026-03-06T13:48:47.117Z" },
    { url = "https://files.pythonhosted.org/packages/7b/48/a6faef5ed632cae0c65ac6b214a6614a0b510c3183532c521bdb0055e117/h5py-3.16.0-cp314-cp314-win_arm64.whl", hash = "sha256:1897a771a7f40d05c262fc8f37376ec37873218544b70216872876c627640f63", size = 2663450, upload-time = "2026-03-06T13:48:48.707Z" },
    { url = "https://files.pythonhosted.org/packages/5d/32/0c8bb8aedb62c772cf7c1d427c7d1951477e8c2835f872bc0a13d1f85f86/h5py-3.16.0-cp314-cp314t-macosx_10_15_x86_64.whl", hash = "sha256:15922e485844f77c0b9d275396d435db3baa58292a9c2176a386e072e0cf2491", size = 3760693, upload-time = "2026-03-06T13:48:50.453Z" },
    { url = "https://files.pythonhosted.org/packages/1d/1f/fcc5977d32d6387c5c9a694afee716a5e20658ac08b3ff24fdec79fb05f2/h5py-3.16.0-cp314-cp314t-macosx_11_0_arm64.whl", hash = "sha256:df02dd29bd247f98674634dfe41f89fd7c16ba3d7de8695ec958f58404a4e618", size = 3181305, upload-time = "2026-03-06T13:48:52.221Z" },
    { url = "https://files.pythonhosted.org/packages/f5/a1/af87f64b9f986889884243643621ebbd4ac72472ba8ec8cec891ac8e2ca1/h5py-3.16.0-cp314-cp314t-manylinux_2_28_aarch64.whl", hash = "sha256:0f456f556e4e2cebeebd9d66adf8dc321770a42593494a0b6f0af54a7567b242", size = 5074061, upload-time = "2026-03-06T13:48:54.089Z" },
    { url = "https://files.pythonhosted.org/packages/cc/d0/146f5eaff3dc246a9c7f6e5e4f42bd45cc613bce16693bcd4d1f7c958bf5/h5py-3.16.0-cp314-cp314t-manylinux_2_28_x86_64.whl", hash = "sha256:3e6cb3387c756de6a9492d601553dffea3fe11b5f22b443aac708c69f3f55e16", size = 5279216, upload-time = "2026-03-06T13:48:56.75Z" },
    { url = "https://files.pythonhosted.org/packages/a1/9d/12a13424f1e604fc7df9497b73c0356fb78c2fb206abd7465ce47226e8fd/h5py-3.16.0-cp314-cp314t-musllinux_1_2_aarch64.whl", hash = "sha256:8389e13a1fd745ad2856873e8187fd10268b2d9677877bb667b41aebd771d8b7", size = 5070068, upload-time = "2026-03-06T13:48:59.169Z" },
    { url = "https://files.pythonhosted.org/packages/41/8c/bbe98f813722b4873818a8db3e15aa3e625b59278566905ac439725e8070/h5py-3.16.0-cp314-cp314t-musllinux_1_2_x86_64.whl", hash = "sha256:346df559a0f7dcb31cf8e44805319e2ab24b8957c45e7708ce503b2ec79ba725", size = 5300253, upload-time = "2026-03-06T13:49:02.033Z" },
    { url = "https://files.pythonhosted.org/packages/32/9e/87e6705b4d6890e7cecdf876e2a7d3e40654a2ae37482d79a6f1b87f7b92/h5py-3.16.0-cp314-cp314t-win_amd64.whl", hash = "sha256:4c6ab014ab704b4feaa719ae783b86522ed0bf1f82184704ed3c9e4e3228796e", size = 3381671, upload-time = "2026-03-06T13:49:04.351Z" },
    { url = "https://files.pythonhosted.org/packages/96/91/9fad90cfc5f9b2489c7c26ad897157bce82f0e9534a986a221b99760b23b/h5py-3.16.0-cp314-cp314t-win_arm64.whl", hash = "sha256:faca8fb4e4319c09d83337adc80b2ca7d5c5a343c2d6f1b6388f32cfecca13c1", size = 2740706, upload-time = "2026-03-06T13:49:06.347Z" },
]

[[package]]
name = "numpy"
version = "2.4.4"
source = { registry = "https://pypi.org/simple" }
sdist = { url = "https://files.pythonhosted.org/packages/d7/9f/b8cef5bffa569759033adda9481211426f12f53299629b410340795c2514/numpy-2.4.4.tar.gz", hash = "sha256:2d390634c5182175533585cc89f3608a4682ccb173cc9bb940b2881c8d6f8fa0", size = 20731587, upload-time = "2026-03-29T13:22:01.298Z" }
wheels = [
    { url = "https://files.pythonhosted.org/packages/28/05/32396bec30fb2263770ee910142f49c1476d08e8ad41abf8403806b520ce/numpy-2.4.4-cp312-cp312-macosx_10_13_x86_64.whl", hash = "sha256:15716cfef24d3a9762e3acdf87e27f58dc823d1348f765bbea6bef8c639bfa1b", size = 16689272, upload-time = "2026-03-29T13:18:49.223Z" },
    { url = "https://files.pythonhosted.org/packages/c5/f3/a983d28637bfcd763a9c7aafdb6d5c0ebf3d487d1e1459ffdb57e2f01117/numpy-2.4.4-cp312-cp312-macosx_11_0_arm64.whl", hash = "sha256:23cbfd4c17357c81021f21540da84ee282b9c8fba38a03b7b9d09ba6b951421e", size = 14699573, upload-time = "2026-03-29T13:18:52.629Z" },
    { url = "https://files.pythonhosted.org/packages/9b/fd/e5ecca1e78c05106d98028114f5c00d3eddb41207686b2b7de3e477b0e22/numpy-2.4.4-cp312-cp312-macosx_14_0_arm64.whl", hash = "sha256:8b3b60bb7cba2c8c81837661c488637eee696f59a877788a396d33150c35d842", size = 5204782, upload-time = "2026-03-29T13:18:55.579Z" },
    { url = "https://files.pythonhosted.org/packages/de/2f/702a4594413c1a8632092beae8aba00f1d67947389369b3777aed783fdca/numpy-2.4.4-cp312-cp312-macosx_14_0_x86_64.whl", hash = "sha256:e4a010c27ff6f210ff4c6ef34394cd61470d01014439b192ec22552ee867f2a8", size = 6552038, upload-time = "2026-03-29T13:18:57.769Z" },
    { url = "https://files.pythonhosted.org/packages/7f/37/eed308a8f56cba4d1fdf467a4fc67ef4ff4bf1c888f5fc980481890104b1/numpy-2.4.4-cp312-cp312-manylinux_2_27_aarch64.manylinux_2_28_aarch64.whl", hash = "sha256:f9e75681b59ddaa5e659898085ae0eaea229d054f2ac0c7e563a62205a700121", size = 15670666, upload-time = "2026-03-29T13:19:00.341Z" },
    { url = "https://files.pythonhosted.org/packages/0a/0d/0e3ecece05b7a7e87ab9fb587855548da437a061326fff64a223b6dcb78a/numpy-2.4.4-cp312-cp312-manylinux_2_27_x86_64.manylinux_2_28_x86_64.whl", hash = "sha256:81f4a14bee47aec54f883e0cad2d73986640c1590eb9bfaaba7ad17394481e6e", size = 16645480, upload-time = "2026-03-29T13:19:03.63Z" },
    { url = "https://files.pythonhosted.org/packages/34/49/f2312c154b82a286758ee2f1743336d50651f8b5195db18cdb63675ff649/numpy-2.4.4-cp312-cp312-musllinux_1_2_aarch64.whl", hash = "sha256:62d6b0f03b694173f9fcb1fb317f7222fd0b0b103e784c6549f5e53a27718c44", size = 17020036, upload-time = "2026-03-29T13:19:07.428Z" },
    { url = "https://files.pythonhosted.org/packages/7b/e9/736d17bd77f1b0ec4f9901aaec129c00d59f5d84d5e79bba540ef12c2330/numpy-2.4.4-cp312-cp312-musllinux_1_2_x86_64.whl", hash = "sha256:fbc356aae7adf9e6336d336b9c8111d390a05df88f1805573ebb0807bd06fd1d", size = 18368643, upload-time = "2026-03-29T13:19:10.775Z" },
    { url = "https://files.pythonhosted.org/packages/63/f6/d417977c5f519b17c8a5c3bc9e8304b0908b0e21136fe43bf628a1343914/numpy-2.4.4-cp312-cp312-win32.whl", hash = "sha256:0d35aea54ad1d420c812bfa0385c71cd7cc5bcf7c65fed95fc2cd02fe8c79827", size = 5961117, upload-time = "2026-03-29T13:19:13.464Z" },
    { url = "https://files.pythonhosted.org/packages/2d/5b/e1deebf88ff431b01b7406ca3583ab2bbb90972bbe1c568732e49c844f7e/numpy-2.4.4-cp312-cp312-win_amd64.whl", hash = "sha256:b5f0362dc928a6ecd9db58868fca5e48485205e3855957bdedea308f8672ea4a", size = 12320584, upload-time = "2026-03-29T13:19:16.155Z" },
    { url = "https://files.pythonhosted.org/packages/58/89/e4e856ac82a68c3ed64486a544977d0e7bdd18b8da75b78a577ca31c4395/numpy-2.4.4-cp312-cp312-win_arm64.whl", hash = "sha256:846300f379b5b12cc769334464656bc882e0735d27d9726568bc932fdc49d5ec", size = 10221450, upload-time = "2026-03-29T13:19:18.994Z" },
    { url = "https://files.pythonhosted.org/packages/14/1d/d0a583ce4fefcc3308806a749a536c201ed6b5ad6e1322e227ee4848979d/numpy-2.4.4-cp313-cp313-macosx_10_13_x86_64.whl", hash = "sha256:08f2e31ed5e6f04b118e49821397f12767934cfdd12a1ce86a058f91e004ee50", size = 16684933, upload-time = "2026-03-29T13:19:22.47Z" },
    { url = "https://files.pythonhosted.org/packages/c1/62/2b7a48fbb745d344742c0277f01286dead15f3f68e4f359fbfcf7b48f70f/numpy-2.4.4-cp313-cp313-macosx_11_0_arm64.whl", hash = "sha256:e823b8b6edc81e747526f70f71a9c0a07ac4e7ad13020aa736bb7c9d67196115", size = 14694532, upload-time = "2026-03-29T13:19:25.581Z" },
    { url = "https://files.pythonhosted.org/packages/e5/87/499737bfba066b4a3bebff24a8f1c5b2dee410b209bc6668c9be692580f0/numpy-2.4.4-cp313-cp313-macosx_14_0_arm64.whl", hash = "sha256:4a19d9dba1a76618dd86b164d608566f393f8ec6ac7c44f0cc879011c45e65af", size = 5199661, upload-time = "2026-03-29T13:19:28.31Z" },
    { url = "https://files.pythonhosted.org/packages/cd/da/464d551604320d1491bc345efed99b4b7034143a85787aab78d5691d5a0e/numpy-2.4.4-cp313-cp313-macosx_14_0_x86_64.whl", hash = "sha256:d2a8490669bfe99a233298348acc2d824d496dee0e66e31b66a6022c2ad74a5c", size = 6547539, upload-time = "2026-03-29T13:19:30.97Z" },
    { url = "https://files.pythonhosted.org/packages/7d/90/8d23e3b0dafd024bf31bdec225b3bb5c2dbfa6912f8a53b8659f21216cbf/numpy-2.4.4-cp313-cp313-manylinux_2_27_aarch64.manylinux_2_28_aarch64.whl", hash = "sha256:45dbed2ab436a9e826e302fcdcbe9133f9b0006e5af7168afb8963a6520da103", size = 15668806, upload-time = "2026-03-29T13:19:33.887Z" },
    { url = "https://files.pythonhosted.org/packages/d1/73/a9d864e42a01896bb5974475438f16086be9ba1f0d19d0bb7a07427c4a8b/numpy-2.4.4-cp313-cp313-manylinux_2_27_x86_64.manylinux_2_28_x86_64.whl", hash = "sha256:c901b15172510173f5cb310eae652908340f8dede90fff9e3bf6c0d8dfd92f83", size = 16632682, upload-time = "2026-03-29T13:19:37.336Z" },
    { url = "https://files.pythonhosted.org/packages/34/fb/14570d65c3bde4e202a031210475ae9cde9b7686a2e7dc97ee67d2833b35/numpy-2.4.4-cp313-cp313-musllinux_1_2_aarch64.whl", hash = "sha256:99d838547ace2c4aace6c4f76e879ddfe02bb58a80c1549928477862b7a6d6ed", size = 17019810, upload-time = "2026-03-29T13:19:40.963Z" },
    { url = "https://files.pythonhosted.org/packages/8a/77/2ba9d87081fd41f6d640c83f26fb7351e536b7ce6dd9061b6af5904e8e46/numpy-2.4.4-cp313-cp313-musllinux_1_2_x86_64.whl", hash = "sha256:0aec54fd785890ecca25a6003fd9a5aed47ad607bbac5cd64f836ad8666f4959", size = 18357394, upload-time = "2026-03-29T13:19:44.859Z" },
    { url = "https://files.pythonhosted.org/packages/a2/23/52666c9a41708b0853fa3b1a12c90da38c507a3074883823126d4e9d5b30/numpy-2.4.4-cp313-cp313-win32.whl", hash = "sha256:07077278157d02f65c43b1b26a3886bce886f95d20aabd11f87932750dfb14ed", size = 5959556, upload-time = "2026-03-29T13:19:47.661Z" },
    { url = "https://files.pythonhosted.org/packages/57/fb/48649b4971cde70d817cf97a2a2fdc0b4d8308569f1dd2f2611959d2e0cf/numpy-2.4.4-cp313-cp313-win_amd64.whl", hash = "sha256:5c70f1cc1c4efbe316a572e2d8b9b9cc44e89b95f79ca3331553fbb63716e2bf", size = 12317311, upload-time = "2026-03-29T13:19:50.67Z" },
    { url = "https://files.pythonhosted.org/packages/ba/d8/11490cddd564eb4de97b4579ef6bfe6a736cc07e94c1598590ae25415e01/numpy-2.4.4-cp313-cp313-win_arm64.whl", hash = "sha256:ef4059d6e5152fa1a39f888e344c73fdc926e1b2dd58c771d67b0acfbf2aa67d", size = 10222060, upload-time = "2026-03-29T13:19:54.229Z" },
    { url = "https://files.pythonhosted.org/packages/99/5d/dab4339177a905aad3e2221c915b35202f1ec30d750dd2e5e9d9a72b804b/numpy-2.4.4-cp313-cp313t-macosx_11_0_arm64.whl", hash = "sha256:4bbc7f303d125971f60ec0aaad5e12c62d0d2c925f0ab1273debd0e4ba37aba5", size = 14822302, upload-time = "2026-03-29T13:19:57.585Z" },
    { url = "https://files.pythonhosted.org/packages/eb/e4/0564a65e7d3d97562ed6f9b0fd0fb0a6f559ee444092f105938b50043876/numpy-2.4.4-cp313-cp313t-macosx_14_0_arm64.whl", hash = "sha256:4d6d57903571f86180eb98f8f0c839fa9ebbfb031356d87f1361be91e433f5b7", size = 5327407, upload-time = "2026-03-29T13:20:00.601Z" },
    { url = "https://files.pythonhosted.org/packages/29/8d/35a3a6ce5ad371afa58b4700f1c820f8f279948cca32524e0a695b0ded83/numpy-2.4.4-cp313-cp313t-macosx_14_0_x86_64.whl", hash = "sha256:4636de7fd195197b7535f231b5de9e4b36d2c440b6e566d2e4e4746e6af0ca93", size = 6647631, upload-time = "2026-03-29T13:20:02.855Z" },
    { url = "https://files.pythonhosted.org/packages/f4/da/477731acbd5a58a946c736edfdabb2ac5b34c3d08d1ba1a7b437fa0884df/numpy-2.4.4-cp313-cp313t-manylinux_2_27_aarch64.manylinux_2_28_aarch64.whl", hash = "sha256:ad2e2ef14e0b04e544ea2fa0a36463f847f113d314aa02e5b402fdf910ef309e", size = 15727691, upload-time = "2026-03-29T13:20:06.004Z" },
    { url = "https://files.pythonhosted.org/packages/e6/db/338535d9b152beabeb511579598418ba0212ce77cf9718edd70262cc4370/numpy-2.4.4-cp313-cp313t-manylinux_2_27_x86_64.manylinux_2_28_x86_64.whl", hash = "sha256:5a285b3b96f951841799528cd1f4f01cd70e7e0204b4abebac9463eecfcf2a40", size = 16681241, upload-time = "2026-03-29T13:20:09.417Z" },
    { url = "https://files.pythonhosted.org/packages/e2/a9/ad248e8f58beb7a0219b413c9c7d8151c5d285f7f946c3e26695bdbbe2df/numpy-2.4.4-cp313-cp313t-musllinux_1_2_aarch64.whl", hash = "sha256:f8474c4241bc18b750be2abea9d7a9ec84f46ef861dbacf86a4f6e043401f79e", size = 17085767, upload-time = "2026-03-29T13:20:13.126Z" },
    { url = "https://files.pythonhosted.org/packages/b5/1a/3b88ccd3694681356f70da841630e4725a7264d6a885c8d442a697e1146b/numpy-2.4.4-cp313-cp313t-musllinux_1_2_x86_64.whl", hash = "sha256:4e874c976154687c1f71715b034739b45c7711bec81db01914770373d125e392", size = 18403169, upload-time = "2026-03-29T13:20:17.096Z" },
    { url = "https://files.pythonhosted.org/packages/c2/c9/fcfd5d0639222c6eac7f304829b04892ef51c96a75d479214d77e3ce6e33/numpy-2.4.4-cp313-cp313t-win32.whl", hash = "sha256:9c585a1790d5436a5374bac930dad6ed244c046ed91b2b2a3634eb2971d21008", size = 6083477, upload-time = "2026-03-29T13:20:20.195Z" },
    { url = "https://files.pythonhosted.org/packages/d5/e3/3938a61d1c538aaec8ed6fd6323f57b0c2d2d2219512434c5c878db76553/numpy-2.4.4-cp313-cp313t-win_amd64.whl", hash = "sha256:93e15038125dc1e5345d9b5b68aa7f996ec33b98118d18c6ca0d0b7d6198b7e8", size = 12457487, upload-time = "2026-03-29T13:20:22.946Z" },
    { url = "https://files.pythonhosted.org/packages/97/6a/7e345032cc60501721ef94e0e30b60f6b0bd601f9174ebd36389a2b86d40/numpy-2.4.4-cp313-cp313t-win_arm64.whl", hash = "sha256:0dfd3f9d3adbe2920b68b5cd3d51444e13a10792ec7154cd0a2f6e74d4ab3233", size = 10292002, upload-time = "2026-03-29T13:20:25.909Z" },
    { url = "https://files.pythonhosted.org/packages/6e/06/c54062f85f673dd5c04cbe2f14c3acb8c8b95e3384869bb8cc9bff8cb9df/numpy-2.4.4-cp314-cp314-macosx_10_15_x86_64.whl", hash = "sha256:f169b9a863d34f5d11b8698ead99febeaa17a13ca044961aa8e2662a6c7766a0", size = 16684353, upload-time = "2026-03-29T13:20:29.504Z" },
    { url = "https://files.pythonhosted.org/packages/4c/39/8a320264a84404c74cc7e79715de85d6130fa07a0898f67fb5cd5bd79908/numpy-2.4.4-cp314-cp314-macosx_11_0_arm64.whl", hash = "sha256:2483e4584a1cb3092da4470b38866634bafb223cbcd551ee047633fd2584599a", size = 14704914, upload-time = "2026-03-29T13:20:33.547Z" },
    { url = "https://files.pythonhosted.org/packages/91/fb/287076b2614e1d1044235f50f03748f31fa287e3dbe6abeb35cdfa351eca/numpy-2.4.4-cp314-cp314-macosx_14_0_arm64.whl", hash = "sha256:2d19e6e2095506d1736b7d80595e0f252d76b89f5e715c35e06e937679ea7d7a", size = 5210005, upload-time = "2026-03-29T13:20:36.45Z" },
    { url = "https://files.pythonhosted.org/packages/63/eb/fcc338595309910de6ecabfcef2419a9ce24399680bfb149421fa2df1280/numpy-2.4.4-cp314-cp314-macosx_14_0_x86_64.whl", hash = "sha256:6a246d5914aa1c820c9443ddcee9c02bec3e203b0c080349533fae17727dfd1b", size = 6544974, upload-time = "2026-03-29T13:20:39.014Z" },
    { url = "https://files.pythonhosted.org/packages/44/5d/e7e9044032a716cdfaa3fba27a8e874bf1c5f1912a1ddd4ed071bf8a14a6/numpy-2.4.4-cp314-cp314-manylinux_2_27_aarch64.manylinux_2_28_aarch64.whl", hash = "sha256:989824e9faf85f96ec9c7761cd8d29c531ad857bfa1daa930cba85baaecf1a9a", size = 15684591, upload-time = "2026-03-29T13:20:42.146Z" },
    { url = "https://files.pythonhosted.org/packages/98/7c/21252050676612625449b4807d6b695b9ce8a7c9e1c197ee6216c8a65c7c/numpy-2.4.4-cp314-cp314-manylinux_2_27_x86_64.manylinux_2_28_x86_64.whl", hash = "sha256:27a8d92cd10f1382a67d7cf4db7ce18341b66438bdd9f691d7b0e48d104c2a9d", size = 16637700, upload-time = "2026-03-29T13:20:46.204Z" },
    { url = "https://files.pythonhosted.org/packages/b1/29/56d2bbef9465db24ef25393383d761a1af4f446a1df9b8cded4fe3a5a5d7/numpy-2.4.4-cp314-cp314-musllinux_1_2_aarch64.whl", hash = "sha256:e44319a2953c738205bf3354537979eaa3998ed673395b964c1176083dd46252", size = 17035781, upload-time = "2026-03-29T13:20:50.242Z" },
    { url = "https://files.pythonhosted.org/packages/e3/2b/a35a6d7589d21f44cea7d0a98de5ddcbb3d421b2622a5c96b1edf18707c3/numpy-2.4.4-cp314-cp314-musllinux_1_2_x86_64.whl", hash = "sha256:e892aff75639bbef0d2a2cfd55535510df26ff92f63c92cd84ef8d4ba5a5557f", size = 18362959, upload-time = "2026-03-29T13:20:54.019Z" },
    { url = "https://files.pythonhosted.org/packages/64/c9/d52ec581f2390e0f5f85cbfd80fb83d965fc15e9f0e1aec2195faa142cde/numpy-2.4.4-cp314-cp314-win32.whl", hash = "sha256:1378871da56ca8943c2ba674530924bb8ca40cd228358a3b5f302ad60cf875fc", size = 6008768, upload-time = "2026-03-29T13:20:56.912Z" },
    { url = "https://files.pythonhosted.org/packages/fa/22/4cc31a62a6c7b74a8730e31a4274c5dc80e005751e277a2ce38e675e4923/numpy-2.4.4-cp314-cp314-win_amd64.whl", hash = "sha256:715d1c092715954784bc79e1174fc2a90093dc4dc84ea15eb14dad8abdcdeb74", size = 12449181, upload-time = "2026-03-29T13:20:59.548Z" },
    { url = "https://files.pythonhosted.org/packages/70/2e/14cda6f4d8e396c612d1bf97f22958e92148801d7e4f110cabebdc0eef4b/numpy-2.4.4-cp314-cp314-win_arm64.whl", hash = "sha256:2c194dd721e54ecad9ad387c1d35e63dce5c4450c6dc7dd5611283dda239aabb", size = 10496035, upload-time = "2026-03-29T13:21:02.524Z" },
    { url = "https://files.pythonhosted.org/packages/b1/e8/8fed8c8d848d7ecea092dc3469643f9d10bc3a134a815a3b033da1d2039b/numpy-2.4.4-cp314-cp314t-macosx_11_0_arm64.whl", hash = "sha256:2aa0613a5177c264ff5921051a5719d20095ea586ca88cc802c5c218d1c67d3e", size = 14824958, upload-time = "2026-03-29T13:21:05.671Z" },
    { url = "https://files.pythonhosted.org/packages/05/1a/d8007a5138c179c2bf33ef44503e83d70434d2642877ee8fbb230e7c0548/numpy-2.4.4-cp314-cp314t-macosx_14_0_arm64.whl", hash = "sha256:42c16925aa5a02362f986765f9ebabf20de75cdefdca827d14315c568dcab113", size = 5330020, upload-time = "2026-03-29T13:21:08.635Z" },
    { url = "https://files.pythonhosted.org/packages/99/64/ffb99ac6ae93faf117bcbd5c7ba48a7f45364a33e8e458545d3633615dda/numpy-2.4.4-cp314-cp314t-macosx_14_0_x86_64.whl", hash = "sha256:874f200b2a981c647340f841730fc3a2b54c9d940566a3c4149099591e2c4c3d", size = 6650758, upload-time = "2026-03-29T13:21:10.949Z" },
    { url = "https://files.pythonhosted.org/packages/6e/6e/795cc078b78a384052e73b2f6281ff7a700e9bf53bcce2ee579d4f6dd879/numpy-2.4.4-cp314-cp314t-manylinux_2_27_aarch64.manylinux_2_28_aarch64.whl", hash = "sha256:c9b39d38a9bd2ae1becd7eac1303d031c5c110ad31f2b319c6e7d98b135c934d", size = 15729948, upload-time = "2026-03-29T13:21:14.047Z" },
    { url = "https://files.pythonhosted.org/packages/5f/86/2acbda8cc2af5f3d7bfc791192863b9e3e19674da7b5e533fded124d1299/numpy-2.4.4-cp314-cp314t-manylinux_2_27_x86_64.manylinux_2_28_x86_64.whl", hash = "sha256:b268594bccac7d7cf5844c7732e3f20c50921d94e36d7ec9b79e9857694b1b2f", size = 16679325, upload-time = "2026-03-29T13:21:17.561Z" },
    { url = "https://files.pythonhosted.org/packages/bc/59/cafd83018f4aa55e0ac6fa92aa066c0a1877b77a615ceff1711c260ffae8/numpy-2.4.4-cp314-cp314t-musllinux_1_2_aarch64.whl", hash = "sha256:ac6b31e35612a26483e20750126d30d0941f949426974cace8e6b5c58a3657b0", size = 17084883, upload-time = "2026-03-29T13:21:21.106Z" },
    { url = "https://files.pythonhosted.org/packages/f0/85/a42548db84e65ece46ab2caea3d3f78b416a47af387fcbb47ec28e660dc2/numpy-2.4.4-cp314-cp314t-musllinux_1_2_x86_64.whl", hash = "sha256:8e3ed142f2728df44263aaf5fb1f5b0b99f4070c553a0d7f033be65338329150", size = 18403474, upload-time = "2026-03-29T13:21:24.828Z" },
    { url = "https://files.pythonhosted.org/packages/ed/ad/483d9e262f4b831000062e5d8a45e342166ec8aaa1195264982bca267e62/numpy-2.4.4-cp314-cp314t-win32.whl", hash = "sha256:dddbbd259598d7240b18c9d87c56a9d2fb3b02fe266f49a7c101532e78c1d871", size = 6155500, upload-time = "2026-03-29T13:21:28.205Z" },
    { url = "https://files.pythonhosted.org/packages/c7/03/2fc4e14c7bd4ff2964b74ba90ecb8552540b6315f201df70f137faa5c589/numpy-2.4.4-cp314-cp314t-win_amd64.whl", hash = "sha256:a7164afb23be6e37ad90b2f10426149fd75aee07ca55653d2aa41e66c4ef697e", size = 12637755, upload-time = "2026-03-29T13:21:31.107Z" },
    { url = "https://files.pythonhosted.org/packages/58/78/548fb8e07b1a341746bfbecb32f2c268470f45fa028aacdbd10d9bc73aab/numpy-2.4.4-cp314-cp314t-win_arm64.whl", hash = "sha256:ba203255017337d39f89bdd58417f03c4426f12beed0440cfd933cb15f8669c7", size = 10566643, upload-time = "2026-03-29T13:21:34.339Z" },
]
